
Microsoft Visual Studio Solution File, Format Version 12.00
# Visual Studio Version 17
VisualStudioVersion = 17.7.34024.191
MinimumVisualStudioVersion = 10.0.40219.1
Project("{FAE04EC0-301F-11D3-BF4B-00C04F79EFBC}") = "BandwidthStocksFlows", "BandwidthStocksFlows.csproj", "{37FEAB0D-9373-4D91-BD15-1DBDDFB0C340}"
EndProject
Global
	GlobalSection(SolutionConfigurationPlatforms) = preSolution
		Debug|Any CPU = Debug|Any CPU
		Release|Any CPU = Release|Any CPU
	EndGlobalSection
	GlobalSection(ProjectConfigurationPlatforms) = postSolution
		{37FEAB0D-9373-4D91-BD15-1DBDDFB0C340}.Debug|Any CPU.ActiveCfg = Debug|Any CPU
		{37FEAB0D-9373-4D91-BD15-1DBDDFB0C340}.Debug|Any CPU.Build.0 = Debug|Any CPU
		{37FEAB0D-9373-4D91-BD15-1DBDDFB0C340}.Release|Any CPU.ActiveCfg = Release|Any CPU
		{37FEAB0D-9373-4D91-BD15-1DBDDFB0C340}.Release|Any CPU.Build.0 = Release|Any CPU
	EndGlobalSection
	GlobalSection(SolutionProperties) = preSolution
		HideSolutionNode = FALSE
	EndGlobalSection
	GlobalSection(ExtensibilityGlobals) = postSolution
		SolutionGuid = {AA54F199-2B08-4F46-9A4C-94FC5ACEDCC7}
	EndGlobalSection
EndGlobal
